
Microsoft Visual Studio Solution File, Format Version 12.00
# Visual Studio Version 16
VisualStudioVersion = 16.0.30611.23
MinimumVisualStudioVersion = 10.0.40219.1
Project("{FAE04EC0-301F-11D3-BF4B-00C04F79EFBC}") = "kShopSolution.WebApp", "kShopSolution.WebApp\kShopSolution.WebApp.csproj", "{043EFF39-D07B-4D00-AAE0-B82BBB8B4D24}"
EndProject
Project("{2150E333-8FDC-42A3-9474-1A3956D46DE8}") = "Solution Items", "Solution Items", "{40171E7B-9ED5-4D97-B5F5-BD6BE5299426}"
	ProjectSection(SolutionItems) = preProject
		README.txt = README.txt
	EndProjectSection
EndProject
Global
	GlobalSection(SolutionConfigurationPlatforms) = preSolution
		Debug|Any CPU = Debug|Any CPU
		Release|Any CPU = Release|Any CPU
	EndGlobalSection
	GlobalSection(ProjectConfigurationPlatforms) = postSolution
		{043EFF39-D07B-4D00-AAE0-B82BBB8B4D24}.Debug|Any CPU.ActiveCfg = Debug|Any CPU
		{043EFF39-D07B-4D00-AAE0-B82BBB8B4D24}.Debug|Any CPU.Build.0 = Debug|Any CPU
		{043EFF39-D07B-4D00-AAE0-B82BBB8B4D24}.Release|Any CPU.ActiveCfg = Release|Any CPU
		{043EFF39-D07B-4D00-AAE0-B82BBB8B4D24}.Release|Any CPU.Build.0 = Release|Any CPU
	EndGlobalSection
	GlobalSection(SolutionProperties) = preSolution
		HideSolutionNode = FALSE
	EndGlobalSection
	GlobalSection(ExtensibilityGlobals) = postSolution
		SolutionGuid = {8D140E5D-20D8-4AD5-9BC3-299D83730C2C}
	EndGlobalSection
EndGlobal
